
Microsoft Visual Studio Solution File, Format Version 12.00
# Visual Studio Version 17
VisualStudioVersion = 17.13.35919.96 d17.13
MinimumVisualStudioVersion = 10.0.40219.1
Project("{FAE04EC0-301F-11D3-BF4B-00C04F79EFBC}") = "WpfApp2", "WpfApp2\WpfApp2.csproj", "{14D82F9B-8AC1-44CE-8CA6-4F5861C7532D}"
EndProject
Global
	GlobalSection(SolutionConfigurationPlatforms) = preSolution
		Debug|Any CPU = Debug|Any CPU
		Release|Any CPU = Release|Any CPU
	EndGlobalSection
	GlobalSection(ProjectConfigurationPlatforms) = postSolution
		{14D82F9B-8AC1-44CE-8CA6-4F5861C7532D}.Debug|Any CPU.ActiveCfg = Debug|Any CPU
		{14D82F9B-8AC1-44CE-8CA6-4F5861C7532D}.Debug|Any CPU.Build.0 = Debug|Any CPU
		{14D82F9B-8AC1-44CE-8CA6-4F5861C7532D}.Release|Any CPU.ActiveCfg = Release|Any CPU
		{14D82F9B-8AC1-44CE-8CA6-4F5861C7532D}.Release|Any CPU.Build.0 = Release|Any CPU
	EndGlobalSection
	GlobalSection(SolutionProperties) = preSolution
		HideSolutionNode = FALSE
	EndGlobalSection
	GlobalSection(ExtensibilityGlobals) = postSolution
		SolutionGuid = {96894DDE-3002-4685-ADFC-3FF2B4271005}
	EndGlobalSection
EndGlobal
